
Microsoft Visual Studio Solution File, Format Version 12.00
Project("{FAE04EC0-301F-11D3-BF4B-00C04F79EFBC}") = "ConsoleUI", "src\ConsoleUI\ConsoleUI.csproj", "{95E07DC7-8824-4D82-94D2-096AD9D2E182}"
EndProject
Project("{2150E333-8FDC-42A3-9474-1A3956D46DE8}") = "src", "src", "{1413B454-80F0-462F-9B44-F6976281038E}"
EndProject
Project("{FAE04EC0-301F-11D3-BF4B-00C04F79EFBC}") = "Core", "src\Core\Core.csproj", "{0326F5DF-14B6-49D4-9F9A-A7B04A4E018C}"
EndProject
Project("{FAE04EC0-301F-11D3-BF4B-00C04F79EFBC}") = "Infrastructure", "src\Infrastructure\Infrastructure.csproj", "{077265EC-9258-4D9A-84CF-26F4A4926941}"
EndProject
Global
	GlobalSection(SolutionConfigurationPlatforms) = preSolution
		Debug|Any CPU = Debug|Any CPU
		Release|Any CPU = Release|Any CPU
	EndGlobalSection
	GlobalSection(ProjectConfigurationPlatforms) = postSolution
		{95E07DC7-8824-4D82-94D2-096AD9D2E182}.Debug|Any CPU.ActiveCfg = Debug|Any CPU
		{95E07DC7-8824-4D82-94D2-096AD9D2E182}.Debug|Any CPU.Build.0 = Debug|Any CPU
		{95E07DC7-8824-4D82-94D2-096AD9D2E182}.Release|Any CPU.ActiveCfg = Release|Any CPU
		{95E07DC7-8824-4D82-94D2-096AD9D2E182}.Release|Any CPU.Build.0 = Release|Any CPU
		{0326F5DF-14B6-49D4-9F9A-A7B04A4E018C}.Debug|Any CPU.ActiveCfg = Debug|Any CPU
		{0326F5DF-14B6-49D4-9F9A-A7B04A4E018C}.Debug|Any CPU.Build.0 = Debug|Any CPU
		{0326F5DF-14B6-49D4-9F9A-A7B04A4E018C}.Release|Any CPU.ActiveCfg = Release|Any CPU
		{0326F5DF-14B6-49D4-9F9A-A7B04A4E018C}.Release|Any CPU.Build.0 = Release|Any CPU
		{077265EC-9258-4D9A-84CF-26F4A4926941}.Debug|Any CPU.ActiveCfg = Debug|Any CPU
		{077265EC-9258-4D9A-84CF-26F4A4926941}.Debug|Any CPU.Build.0 = Debug|Any CPU
		{077265EC-9258-4D9A-84CF-26F4A4926941}.Release|Any CPU.ActiveCfg = Release|Any CPU
		{077265EC-9258-4D9A-84CF-26F4A4926941}.Release|Any CPU.Build.0 = Release|Any CPU
	EndGlobalSection
	GlobalSection(NestedProjects) = preSolution
		{95E07DC7-8824-4D82-94D2-096AD9D2E182} = {1413B454-80F0-462F-9B44-F6976281038E}
		{0326F5DF-14B6-49D4-9F9A-A7B04A4E018C} = {1413B454-80F0-462F-9B44-F6976281038E}
		{077265EC-9258-4D9A-84CF-26F4A4926941} = {1413B454-80F0-462F-9B44-F6976281038E}
	EndGlobalSection
EndGlobal
